// !$*UTF8*$!
{
	archiveVersion = 1;
	classes = {
	};
	objectVersion = 48;
	objects = {

/* Begin PBXBuildFile section */
		C72A5FA11F98CE4D00D5FA03 /* AppDelegate.m in Sources */ = {isa = PBXBuildFile; fileRef = C72A5FA01F98CE4D00D5FA03 /* AppDelegate.m */; };
		C72A5FA41F98CE4D00D5FA03 /* PMOVideoPlayerViewController.m in Sources */ = {isa = PBXBuildFile; fileRef = C72A5FA31F98CE4D00D5FA03 /* PMOVideoPlayerViewController.m */; };
		C72A5FA71F98CE4D00D5FA03 /* Main.storyboard in Resources */ = {isa = PBXBuildFile; fileRef = C72A5FA51F98CE4D00D5FA03 /* Main.storyboard */; };
		C72A5FA91F98CE4D00D5FA03 /* Assets.xcassets in Resources */ = {isa = PBXBuildFile; fileRef = C72A5FA81F98CE4D00D5FA03 /* Assets.xcassets */; };
		C72A5FAC1F98CE4D00D5FA03 /* LaunchScreen.storyboard in Resources */ = {isa = PBXBuildFile; fileRef = C72A5FAA1F98CE4D00D5FA03 /* LaunchScreen.storyboard */; };
		C72A5FAF1F98CE4D00D5FA03 /* main.m in Sources */ = {isa = PBXBuildFile; fileRef = C72A5FAE1F98CE4D00D5FA03 /* main.m */; };
		C73901331F9BD394009C7E14 /* PMODownloader.m in Sources */ = {isa = PBXBuildFile; fileRef = C73901321F9BD394009C7E14 /* PMODownloader.m */; };
		C73901381F9BDF0F009C7E14 /* PMOSpinnableAbstractView.m in Sources */ = {isa = PBXBuildFile; fileRef = C73901371F9BDF0F009C7E14 /* PMOSpinnableAbstractView.m */; };
		C739013C1F9BE00C009C7E14 /* PMOAfterSplashView.m in Sources */ = {isa = PBXBuildFile; fileRef = C739013B1F9BE00C009C7E14 /* PMOAfterSplashView.m */; };
		C739013F1F9BEC66009C7E14 /* PMOVideoTableViewDelegate.m in Sources */ = {isa = PBXBuildFile; fileRef = C739013E1F9BEC66009C7E14 /* PMOVideoTableViewDelegate.m */; };
		C7432E261F9D1C09000E155A /* PMOVideoPlayerView.m in Sources */ = {isa = PBXBuildFile; fileRef = C7432E251F9D1C09000E155A /* PMOVideoPlayerView.m */; };
		C7432E291F9D3113000E155A /* PMOVideoPlayerMainView.m in Sources */ = {isa = PBXBuildFile; fileRef = C7432E281F9D3113000E155A /* PMOVideoPlayerMainView.m */; };
		C7432E2C1F9D3C0F000E155A /* PMOVideoPlaybackControlsView.m in Sources */ = {isa = PBXBuildFile; fileRef = C7432E2B1F9D3C0F000E155A /* PMOVideoPlaybackControlsView.m */; };
		C7432E301F9E2016000E155A /* PMOVideoPlayerControlDelegate.m in Sources */ = {isa = PBXBuildFile; fileRef = C7432E2F1F9E2016000E155A /* PMOVideoPlayerControlDelegate.m */; };
		C7432E331F9E87B3000E155A /* PMOVideoStore.m in Sources */ = {isa = PBXBuildFile; fileRef = C7432E321F9E87B3000E155A /* PMOVideoStore.m */; };
		C783242E1F99E8BB00B4EA62 /* PMOVideoDescriptor.m in Sources */ = {isa = PBXBuildFile; fileRef = C783242D1F99E8BB00B4EA62 /* PMOVideoDescriptor.m */; };
		C78C61AD1F99EADB0028CBD0 /* PMOVideoDescriptorFactory.m in Sources */ = {isa = PBXBuildFile; fileRef = C78C61AC1F99EADB0028CBD0 /* PMOVideoDescriptorFactory.m */; };
		C78C61AF1F99ECC10028CBD0 /* PMOVideoDesriptorFactoryTests.m in Sources */ = {isa = PBXBuildFile; fileRef = C78C61AE1F99ECC10028CBD0 /* PMOVideoDesriptorFactoryTests.m */; };
		C78C61B21F99FC040028CBD0 /* PMOVideoListViewController.m in Sources */ = {isa = PBXBuildFile; fileRef = C78C61B11F99FC040028CBD0 /* PMOVideoListViewController.m */; };
		C78C61B61F99FD770028CBD0 /* PMOVideoTableViewDataSource.m in Sources */ = {isa = PBXBuildFile; fileRef = C78C61B51F99FD770028CBD0 /* PMOVideoTableViewDataSource.m */; };
		C78C61B81F9A009B0028CBD0 /* PMOVideoTableViewDataSourceTests.m in Sources */ = {isa = PBXBuildFile; fileRef = C78C61B71F9A009B0028CBD0 /* PMOVideoTableViewDataSourceTests.m */; };
/* End PBXBuildFile section */

/* Begin PBXContainerItemProxy section */
		C72A5FB51F98CE4E00D5FA03 /* PBXContainerItemProxy */ = {
			isa = PBXContainerItemProxy;
			containerPortal = C72A5F941F98CE4D00D5FA03 /* Project object */;
			proxyType = 1;
			remoteGlobalIDString = C72A5F9B1F98CE4D00D5FA03;
			remoteInfo = "StreamAMG-Test";
		};
/* End PBXContainerItemProxy section */

/* Begin PBXFileReference section */
		C726525F1F9E95780025074A /* PMOVideoPlayableItemProvider.h */ = {isa = PBXFileReference; lastKnownFileType = sourcecode.c.h; path = PMOVideoPlayableItemProvider.h; sourceTree = "<group>"; };
		C72A5F9C1F98CE4D00D5FA03 /* StreamAMG-Test.app */ = {isa = PBXFileReference; explicitFileType = wrapper.application; includeInIndex = 0; path = "StreamAMG-Test.app"; sourceTree = BUILT_PRODUCTS_DIR; };
		C72A5F9F1F98CE4D00D5FA03 /* AppDelegate.h */ = {isa = PBXFileReference; lastKnownFileType = sourcecode.c.h; path = AppDelegate.h; sourceTree = "<group>"; };
		C72A5FA01F98CE4D00D5FA03 /* AppDelegate.m */ = {isa = PBXFileReference; lastKnownFileType = sourcecode.c.objc; path = AppDelegate.m; sourceTree = "<group>"; };
		C72A5FA21F98CE4D00D5FA03 /* PMOVideoPlayerViewController.h */ = {isa = PBXFileReference; lastKnownFileType = sourcecode.c.h; path = PMOVideoPlayerViewController.h; sourceTree = "<group>"; };
		C72A5FA31F98CE4D00D5FA03 /* PMOVideoPlayerViewController.m */ = {isa = PBXFileReference; lastKnownFileType = sourcecode.c.objc; path = PMOVideoPlayerViewController.m; sourceTree = "<group>"; };
		C72A5FA61F98CE4D00D5FA03 /* Base */ = {isa = PBXFileReference; lastKnownFileType = file.storyboard; name = Base; path = Base.lproj/Main.storyboard; sourceTree = "<group>"; };
		C72A5FA81F98CE4D00D5FA03 /* Assets.xcassets */ = {isa = PBXFileReference; lastKnownFileType = folder.assetcatalog; path = Assets.xcassets; sourceTree = "<group>"; };
		C72A5FAB1F98CE4D00D5FA03 /* Base */ = {isa = PBXFileReference; lastKnownFileType = file.storyboard; name = Base; path = Base.lproj/LaunchScreen.storyboard; sourceTree = "<group>"; };
		C72A5FAD1F98CE4D00D5FA03 /* Info.plist */ = {isa = PBXFileReference; lastKnownFileType = text.plist.xml; path = Info.plist; sourceTree = "<group>"; };
		C72A5FAE1F98CE4D00D5FA03 /* main.m */ = {isa = PBXFileReference; lastKnownFileType = sourcecode.c.objc; path = main.m; sourceTree = "<group>"; };
		C72A5FB41F98CE4E00D5FA03 /* StreamAMG-TestTests.xctest */ = {isa = PBXFileReference; explicitFileType = wrapper.cfbundle; includeInIndex = 0; path = "StreamAMG-TestTests.xctest"; sourceTree = BUILT_PRODUCTS_DIR; };
		C72A5FBA1F98CE4E00D5FA03 /* Info.plist */ = {isa = PBXFileReference; lastKnownFileType = text.plist.xml; path = Info.plist; sourceTree = "<group>"; };
		C73502441FA07E8F0092504B /* PMOViewControllerDismissable.h */ = {isa = PBXFileReference; lastKnownFileType = sourcecode.c.h; path = PMOViewControllerDismissable.h; sourceTree = "<group>"; };
		C73901311F9BD394009C7E14 /* PMODownloader.h */ = {isa = PBXFileReference; lastKnownFileType = sourcecode.c.h; path = PMODownloader.h; sourceTree = "<group>"; };
		C73901321F9BD394009C7E14 /* PMODownloader.m */ = {isa = PBXFileReference; lastKnownFileType = sourcecode.c.objc; path = PMODownloader.m; sourceTree = "<group>"; };
		C73901341F9BDE6E009C7E14 /* PMOSpinnable.h */ = {isa = PBXFileReference; lastKnownFileType = sourcecode.c.h; path = PMOSpinnable.h; sourceTree = "<group>"; };
		C73901361F9BDF0F009C7E14 /* PMOSpinnableAbstractView.h */ = {isa = PBXFileReference; lastKnownFileType = sourcecode.c.h; path = PMOSpinnableAbstractView.h; sourceTree = "<group>"; };
		C73901371F9BDF0F009C7E14 /* PMOSpinnableAbstractView.m */ = {isa = PBXFileReference; lastKnownFileType = sourcecode.c.objc; path = PMOSpinnableAbstractView.m; sourceTree = "<group>"; };
		C739013A1F9BE00C009C7E14 /* PMOAfterSplashView.h */ = {isa = PBXFileReference; lastKnownFileType = sourcecode.c.h; path = PMOAfterSplashView.h; sourceTree = "<group>"; };
		C739013B1F9BE00C009C7E14 /* PMOAfterSplashView.m */ = {isa = PBXFileReference; lastKnownFileType = sourcecode.c.objc; path = PMOAfterSplashView.m; sourceTree = "<group>"; };
		C739013D1F9BEC66009C7E14 /* PMOVideoTableViewDelegate.h */ = {isa = PBXFileReference; lastKnownFileType = sourcecode.c.h; path = PMOVideoTableViewDelegate.h; sourceTree = "<group>"; };
		C739013E1F9BEC66009C7E14 /* PMOVideoTableViewDelegate.m */ = {isa = PBXFileReference; lastKnownFileType = sourcecode.c.objc; path = PMOVideoTableViewDelegate.m; sourceTree = "<group>"; };
		C7432E241F9D1C09000E155A /* PMOVideoPlayerView.h */ = {isa = PBXFileReference; lastKnownFileType = sourcecode.c.h; name = PMOVideoPlayerView.h; path = "StreamAMG-Test/UI/Views/PMOVideoPlayerView.h"; sourceTree = SOURCE_ROOT; };
		C7432E251F9D1C09000E155A /* PMOVideoPlayerView.m */ = {isa = PBXFileReference; lastKnownFileType = sourcecode.c.objc; name = PMOVideoPlayerView.m; path = "StreamAMG-Test/UI/Views/PMOVideoPlayerView.m"; sourceTree = SOURCE_ROOT; };
		C7432E271F9D3113000E155A /* PMOVideoPlayerMainView.h */ = {isa = PBXFileReference; lastKnownFileType = sourcecode.c.h; path = PMOVideoPlayerMainView.h; sourceTree = "<group>"; };
		C7432E281F9D3113000E155A /* PMOVideoPlayerMainView.m */ = {isa = PBXFileReference; lastKnownFileType = sourcecode.c.objc; path = PMOVideoPlayerMainView.m; sourceTree = "<group>"; };
		C7432E2A1F9D3C0F000E155A /* PMOVideoPlaybackControlsView.h */ = {isa = PBXFileReference; lastKnownFileType = sourcecode.c.h; path = PMOVideoPlaybackControlsView.h; sourceTree = "<group>"; };
		C7432E2B1F9D3C0F000E155A /* PMOVideoPlaybackControlsView.m */ = {isa = PBXFileReference; lastKnownFileType = sourcecode.c.objc; path = PMOVideoPlaybackControlsView.m; sourceTree = "<group>"; };
		C7432E2D1F9D3C50000E155A /* PMOVideoControlReceiver.h */ = {isa = PBXFileReference; lastKnownFileType = sourcecode.c.h; path = PMOVideoControlReceiver.h; sourceTree = "<group>"; };
		C7432E2E1F9E2016000E155A /* PMOVideoPlayerControlDelegate.h */ = {isa = PBXFileReference; lastKnownFileType = sourcecode.c.h; path = PMOVideoPlayerControlDelegate.h; sourceTree = "<group>"; };
		C7432E2F1F9E2016000E155A /* PMOVideoPlayerControlDelegate.m */ = {isa = PBXFileReference; lastKnownFileType = sourcecode.c.objc; path = PMOVideoPlayerControlDelegate.m; sourceTree = "<group>"; };
		C7432E311F9E87B3000E155A /* PMOVideoStore.h */ = {isa = PBXFileReference; lastKnownFileType = sourcecode.c.h; path = PMOVideoStore.h; sourceTree = "<group>"; };
		C7432E321F9E87B3000E155A /* PMOVideoStore.m */ = {isa = PBXFileReference; lastKnownFileType = sourcecode.c.objc; path = PMOVideoStore.m; sourceTree = "<group>"; };
		C7432E341F9E88EF000E155A /* PMOVideoMetaDataProvider.h */ = {isa = PBXFileReference; lastKnownFileType = sourcecode.c.h; path = PMOVideoMetaDataProvider.h; sourceTree = "<group>"; };
		C783242C1F99E8BB00B4EA62 /* PMOVideoDescriptor.h */ = {isa = PBXFileReference; lastKnownFileType = sourcecode.c.h; path = PMOVideoDescriptor.h; sourceTree = "<group>"; };
		C783242D1F99E8BB00B4EA62 /* PMOVideoDescriptor.m */ = {isa = PBXFileReference; lastKnownFileType = sourcecode.c.objc; path = PMOVideoDescriptor.m; sourceTree = "<group>"; };
		C78C61AB1F99EADB0028CBD0 /* PMOVideoDescriptorFactory.h */ = {isa = PBXFileReference; lastKnownFileType = sourcecode.c.h; path = PMOVideoDescriptorFactory.h; sourceTree = "<group>"; };
		C78C61AC1F99EADB0028CBD0 /* PMOVideoDescriptorFactory.m */ = {isa = PBXFileReference; lastKnownFileType = sourcecode.c.objc; path = PMOVideoDescriptorFactory.m; sourceTree = "<group>"; };
		C78C61AE1F99ECC10028CBD0 /* PMOVideoDesriptorFactoryTests.m */ = {isa = PBXFileReference; lastKnownFileType = sourcecode.c.objc; path = PMOVideoDesriptorFactoryTests.m; sourceTree = "<group>"; };
		C78C61B01F99FC040028CBD0 /* PMOVideoListViewController.h */ = {isa = PBXFileReference; lastKnownFileType = sourcecode.c.h; path = PMOVideoListViewController.h; sourceTree = "<group>"; };
		C78C61B11F99FC040028CBD0 /* PMOVideoListViewController.m */ = {isa = PBXFileReference; lastKnownFileType = sourcecode.c.objc; path = PMOVideoListViewController.m; sourceTree = "<group>"; };
		C78C61B41F99FD770028CBD0 /* PMOVideoTableViewDataSource.h */ = {isa = PBXFileReference; lastKnownFileType = sourcecode.c.h; path = PMOVideoTableViewDataSource.h; sourceTree = "<group>"; };
		C78C61B51F99FD770028CBD0 /* PMOVideoTableViewDataSource.m */ = {isa = PBXFileReference; lastKnownFileType = sourcecode.c.objc; path = PMOVideoTableViewDataSource.m; sourceTree = "<group>"; };
		C78C61B71F9A009B0028CBD0 /* PMOVideoTableViewDataSourceTests.m */ = {isa = PBXFileReference; lastKnownFileType = sourcecode.c.objc; path = PMOVideoTableViewDataSourceTests.m; sourceTree = "<group>"; };
		C78C61B91F9A0B3D0028CBD0 /* PMOTableviewInitializable.h */ = {isa = PBXFileReference; lastKnownFileType = sourcecode.c.h; path = PMOTableviewInitializable.h; sourceTree = "<group>"; };
/* End PBXFileReference section */

/* Begin PBXFrameworksBuildPhase section */
		C72A5F991F98CE4D00D5FA03 /* Frameworks */ = {
			isa = PBXFrameworksBuildPhase;
			buildActionMask = 2147483647;
			files = (
			);
			runOnlyForDeploymentPostprocessing = 0;
		};
		C72A5FB11F98CE4E00D5FA03 /* Frameworks */ = {
			isa = PBXFrameworksBuildPhase;
			buildActionMask = 2147483647;
			files = (
			);
			runOnlyForDeploymentPostprocessing = 0;
		};
/* End PBXFrameworksBuildPhase section */

/* Begin PBXGroup section */
		C720482F1F99E14600DB36DB /* Networking */ = {
			isa = PBXGroup;
			children = (
				C73901311F9BD394009C7E14 /* PMODownloader.h */,
				C73901321F9BD394009C7E14 /* PMODownloader.m */,
			);
			path = Networking;
			sourceTree = "<group>";
		};
		C72048341F99E15E00DB36DB /* Abstracts */ = {
			isa = PBXGroup;
			children = (
				C73901351F9BDEF6009C7E14 /* Classes */,
				C72048351F99E16C00DB36DB /* Protocols */,
			);
			path = Abstracts;
			sourceTree = "<group>";
		};
		C72048351F99E16C00DB36DB /* Protocols */ = {
			isa = PBXGroup;
			children = (
				C73502441FA07E8F0092504B /* PMOViewControllerDismissable.h */,
				C726525F1F9E95780025074A /* PMOVideoPlayableItemProvider.h */,
				C7432E341F9E88EF000E155A /* PMOVideoMetaDataProvider.h */,
				C7432E2D1F9D3C50000E155A /* PMOVideoControlReceiver.h */,
				C73901341F9BDE6E009C7E14 /* PMOSpinnable.h */,
				C78C61B91F9A0B3D0028CBD0 /* PMOTableviewInitializable.h */,
			);
			path = Protocols;
			sourceTree = "<group>";
		};
		C72A5F931F98CE4D00D5FA03 = {
			isa = PBXGroup;
			children = (
				C72A5F9E1F98CE4D00D5FA03 /* StreamAMG-Test */,
				C72A5FB71F98CE4E00D5FA03 /* StreamAMG-TestTests */,
				C72A5F9D1F98CE4D00D5FA03 /* Products */,
			);
			sourceTree = "<group>";
		};
		C72A5F9D1F98CE4D00D5FA03 /* Products */ = {
			isa = PBXGroup;
			children = (
				C72A5F9C1F98CE4D00D5FA03 /* StreamAMG-Test.app */,
				C72A5FB41F98CE4E00D5FA03 /* StreamAMG-TestTests.xctest */,
			);
			name = Products;
			sourceTree = "<group>";
		};
		C72A5F9E1F98CE4D00D5FA03 /* StreamAMG-Test */ = {
			isa = PBXGroup;
			children = (
				C78C61B31F99FD500028CBD0 /* Delegates */,
				C783242B1F99E66E00B4EA62 /* Factories */,
				C783242A1F99E66700B4EA62 /* Models */,
				C72048341F99E15E00DB36DB /* Abstracts */,
				C720482F1F99E14600DB36DB /* Networking */,
				C72A5FC61F98CEC200D5FA03 /* ViewControllers */,
				C72A5FC41F98CE7500D5FA03 /* UI */,
				C72A5FC31F98CE5F00D5FA03 /* Supporting Files */,
				C72A5FAD1F98CE4D00D5FA03 /* Info.plist */,
			);
			path = "StreamAMG-Test";
			sourceTree = "<group>";
		};
		C72A5FB71F98CE4E00D5FA03 /* StreamAMG-TestTests */ = {
			isa = PBXGroup;
			children = (
				C78C61B71F9A009B0028CBD0 /* PMOVideoTableViewDataSourceTests.m */,
				C78C61AE1F99ECC10028CBD0 /* PMOVideoDesriptorFactoryTests.m */,
				C72A5FBA1F98CE4E00D5FA03 /* Info.plist */,
			);
			path = "StreamAMG-TestTests";
			sourceTree = "<group>";
		};
		C72A5FC31F98CE5F00D5FA03 /* Supporting Files */ = {
			isa = PBXGroup;
			children = (
				C72A5FAE1F98CE4D00D5FA03 /* main.m */,
				C72A5F9F1F98CE4D00D5FA03 /* AppDelegate.h */,
				C72A5FA01F98CE4D00D5FA03 /* AppDelegate.m */,
			);
			path = "Supporting Files";
			sourceTree = "<group>";
		};
		C72A5FC41F98CE7500D5FA03 /* UI */ = {
			isa = PBXGroup;
			children = (
				C73901391F9BDFAB009C7E14 /* Views */,
				C72A5FA81F98CE4D00D5FA03 /* Assets.xcassets */,
				C72A5FC51F98CE8900D5FA03 /* StoryBoards */,
			);
			path = UI;
			sourceTree = "<group>";
		};
		C72A5FC51F98CE8900D5FA03 /* StoryBoards */ = {
			isa = PBXGroup;
			children = (
				C72A5FA51F98CE4D00D5FA03 /* Main.storyboard */,
				C72A5FAA1F98CE4D00D5FA03 /* LaunchScreen.storyboard */,
			);
			path = StoryBoards;
			sourceTree = "<group>";
		};
		C72A5FC61F98CEC200D5FA03 /* ViewControllers */ = {
			isa = PBXGroup;
			children = (
				C72A5FA21F98CE4D00D5FA03 /* PMOVideoPlayerViewController.h */,
				C72A5FA31F98CE4D00D5FA03 /* PMOVideoPlayerViewController.m */,
				C78C61B01F99FC040028CBD0 /* PMOVideoListViewController.h */,
				C78C61B11F99FC040028CBD0 /* PMOVideoListViewController.m */,
			);
			path = ViewControllers;
			sourceTree = "<group>";
		};
		C73901351F9BDEF6009C7E14 /* Classes */ = {
			isa = PBXGroup;
			children = (
				C73901361F9BDF0F009C7E14 /* PMOSpinnableAbstractView.h */,
				C73901371F9BDF0F009C7E14 /* PMOSpinnableAbstractView.m */,
			);
			path = Classes;
			sourceTree = "<group>";
		};
		C73901391F9BDFAB009C7E14 /* Views */ = {
			isa = PBXGroup;
			children = (
				C7432E241F9D1C09000E155A /* PMOVideoPlayerView.h */,
				C7432E251F9D1C09000E155A /* PMOVideoPlayerView.m */,
				C7432E2A1F9D3C0F000E155A /* PMOVideoPlaybackControlsView.h */,
				C7432E2B1F9D3C0F000E155A /* PMOVideoPlaybackControlsView.m */,
				C7432E271F9D3113000E155A /* PMOVideoPlayerMainView.h */,
				C7432E281F9D3113000E155A /* PMOVideoPlayerMainView.m */,
				C739013A1F9BE00C009C7E14 /* PMOAfterSplashView.h */,
				C739013B1F9BE00C009C7E14 /* PMOAfterSplashView.m */,
			);
			path = Views;
			sourceTree = "<group>";
		};
		C783242A1F99E66700B4EA62 /* Models */ = {
			isa = PBXGroup;
			children = (
				C7432E311F9E87B3000E155A /* PMOVideoStore.h */,
				C7432E321F9E87B3000E155A /* PMOVideoStore.m */,
				C783242C1F99E8BB00B4EA62 /* PMOVideoDescriptor.h */,
				C783242D1F99E8BB00B4EA62 /* PMOVideoDescriptor.m */,
			);
			path = Models;
			sourceTree = "<group>";
		};
		C783242B1F99E66E00B4EA62 /* Factories */ = {
			isa = PBXGroup;
			children = (
				C78C61AB1F99EADB0028CBD0 /* PMOVideoDescriptorFactory.h */,
				C78C61AC1F99EADB0028CBD0 /* PMOVideoDescriptorFactory.m */,
			);
			path = Factories;
			sourceTree = "<group>";
		};
		C78C61B31F99FD500028CBD0 /* Delegates */ = {
			isa = PBXGroup;
			children = (
				C7432E2E1F9E2016000E155A /* PMOVideoPlayerControlDelegate.h */,
				C7432E2F1F9E2016000E155A /* PMOVideoPlayerControlDelegate.m */,
				C739013D1F9BEC66009C7E14 /* PMOVideoTableViewDelegate.h */,
				C739013E1F9BEC66009C7E14 /* PMOVideoTableViewDelegate.m */,
				C78C61B41F99FD770028CBD0 /* PMOVideoTableViewDataSource.h */,
				C78C61B51F99FD770028CBD0 /* PMOVideoTableViewDataSource.m */,
			);
			path = Delegates;
			sourceTree = "<group>";
		};
/* End PBXGroup section */

/* Begin PBXNativeTarget section */
		C72A5F9B1F98CE4D00D5FA03 /* StreamAMG-Test */ = {
			isa = PBXNativeTarget;
			buildConfigurationList = C72A5FBD1F98CE4E00D5FA03 /* Build configuration list for PBXNativeTarget "StreamAMG-Test" */;
			buildPhases = (
				C72A5F981F98CE4D00D5FA03 /* Sources */,
				C72A5F991F98CE4D00D5FA03 /* Frameworks */,
				C72A5F9A1F98CE4D00D5FA03 /* Resources */,
			);
			buildRules = (
			);
			dependencies = (
			);
			name = "StreamAMG-Test";
			productName = "StreamAMG-Test";
			productReference = C72A5F9C1F98CE4D00D5FA03 /* StreamAMG-Test.app */;
			productType = "com.apple.product-type.application";
		};
		C72A5FB31F98CE4E00D5FA03 /* StreamAMG-TestTests */ = {
			isa = PBXNativeTarget;
			buildConfigurationList = C72A5FC01F98CE4E00D5FA03 /* Build configuration list for PBXNativeTarget "StreamAMG-TestTests" */;
			buildPhases = (
				C72A5FB01F98CE4E00D5FA03 /* Sources */,
				C72A5FB11F98CE4E00D5FA03 /* Frameworks */,
				C72A5FB21F98CE4E00D5FA03 /* Resources */,
			);
			buildRules = (
			);
			dependencies = (
				C72A5FB61F98CE4E00D5FA03 /* PBXTargetDependency */,
			);
			name = "StreamAMG-TestTests";
			productName = "StreamAMG-TestTests";
			productReference = C72A5FB41F98CE4E00D5FA03 /* StreamAMG-TestTests.xctest */;
			productType = "com.apple.product-type.bundle.unit-test";
		};
/* End PBXNativeTarget section */

/* Begin PBXProject section */
		C72A5F941F98CE4D00D5FA03 /* Project object */ = {
			isa = PBXProject;
			attributes = {
				LastUpgradeCheck = 0900;
				ORGANIZATIONNAME = "Peter Molnar";
				TargetAttributes = {
					C72A5F9B1F98CE4D00D5FA03 = {
						CreatedOnToolsVersion = 9.0;
						ProvisioningStyle = Automatic;
					};
					C72A5FB31F98CE4E00D5FA03 = {
						CreatedOnToolsVersion = 9.0;
						ProvisioningStyle = Automatic;
						TestTargetID = C72A5F9B1F98CE4D00D5FA03;
					};
				};
			};
			buildConfigurationList = C72A5F971F98CE4D00D5FA03 /* Build configuration list for PBXProject "StreamAMG-Test" */;
			compatibilityVersion = "Xcode 8.0";
			developmentRegion = en;
			hasScannedForEncodings = 0;
			knownRegions = (
				en,
				Base,
			);
			mainGroup = C72A5F931F98CE4D00D5FA03;
			productRefGroup = C72A5F9D1F98CE4D00D5FA03 /* Products */;
			projectDirPath = "";
			projectRoot = "";
			targets = (
				C72A5F9B1F98CE4D00D5FA03 /* StreamAMG-Test */,
				C72A5FB31F98CE4E00D5FA03 /* StreamAMG-TestTests */,
			);
		};
/* End PBXProject section */

/* Begin PBXResourcesBuildPhase section */
		C72A5F9A1F98CE4D00D5FA03 /* Resources */ = {
			isa = PBXResourcesBuildPhase;
			buildActionMask = 2147483647;
			files = (
				C72A5FAC1F98CE4D00D5FA03 /* LaunchScreen.storyboard in Resources */,
				C72A5FA91F98CE4D00D5FA03 /* Assets.xcassets in Resources */,
				C72A5FA71F98CE4D00D5FA03 /* Main.storyboard in Resources */,
			);
			runOnlyForDeploymentPostprocessing = 0;
		};
		C72A5FB21F98CE4E00D5FA03 /* Resources */ = {
			isa = PBXResourcesBuildPhase;
			buildActionMask = 2147483647;
			files = (
			);
			runOnlyForDeploymentPostprocessing = 0;
		};
/* End PBXResourcesBuildPhase section */

/* Begin PBXSourcesBuildPhase section */
		C72A5F981F98CE4D00D5FA03 /* Sources */ = {
			isa = PBXSourcesBuildPhase;
			buildActionMask = 2147483647;
			files = (
				C73901381F9BDF0F009C7E14 /* PMOSpinnableAbstractView.m in Sources */,
				C739013C1F9BE00C009C7E14 /* PMOAfterSplashView.m in Sources */,
				C7432E301F9E2016000E155A /* PMOVideoPlayerControlDelegate.m in Sources */,
				C7432E291F9D3113000E155A /* PMOVideoPlayerMainView.m in Sources */,
				C72A5FA41F98CE4D00D5FA03 /* PMOVideoPlayerViewController.m in Sources */,
				C78C61B21F99FC040028CBD0 /* PMOVideoListViewController.m in Sources */,
				C78C61B61F99FD770028CBD0 /* PMOVideoTableViewDataSource.m in Sources */,
				C739013F1F9BEC66009C7E14 /* PMOVideoTableViewDelegate.m in Sources */,
				C783242E1F99E8BB00B4EA62 /* PMOVideoDescriptor.m in Sources */,
				C78C61AD1F99EADB0028CBD0 /* PMOVideoDescriptorFactory.m in Sources */,
				C7432E331F9E87B3000E155A /* PMOVideoStore.m in Sources */,
				C73901331F9BD394009C7E14 /* PMODownloader.m in Sources */,
				C72A5FAF1F98CE4D00D5FA03 /* main.m in Sources */,
				C72A5FA11F98CE4D00D5FA03 /* AppDelegate.m in Sources */,
				C7432E2C1F9D3C0F000E155A /* PMOVideoPlaybackControlsView.m in Sources */,
				C7432E261F9D1C09000E155A /* PMOVideoPlayerView.m in Sources */,
			);
			runOnlyForDeploymentPostprocessing = 0;
		};
		C72A5FB01F98CE4E00D5FA03 /* Sources */ = {
			isa = PBXSourcesBuildPhase;
			buildActionMask = 2147483647;
			files = (
				C78C61AF1F99ECC10028CBD0 /* PMOVideoDesriptorFactoryTests.m in Sources */,
				C78C61B81F9A009B0028CBD0 /* PMOVideoTableViewDataSourceTests.m in Sources */,
			);
			runOnlyForDeploymentPostprocessing = 0;
		};
/* End PBXSourcesBuildPhase section */

/* Begin PBXTargetDependency section */
		C72A5FB61F98CE4E00D5FA03 /* PBXTargetDependency */ = {
			isa = PBXTargetDependency;
			target = C72A5F9B1F98CE4D00D5FA03 /* StreamAMG-Test */;
			targetProxy = C72A5FB51F98CE4E00D5FA03 /* PBXContainerItemProxy */;
		};
/* End PBXTargetDependency section */

/* Begin PBXVariantGroup section */
		C72A5FA51F98CE4D00D5FA03 /* Main.storyboard */ = {
			isa = PBXVariantGroup;
			children = (
				C72A5FA61F98CE4D00D5FA03 /* Base */,
			);
			name = Main.storyboard;
			sourceTree = "<group>";
		};
		C72A5FAA1F98CE4D00D5FA03 /* LaunchScreen.storyboard */ = {
			isa = PBXVariantGroup;
			children = (
				C72A5FAB1F98CE4D00D5FA03 /* Base */,
			);
			name = LaunchScreen.storyboard;
			sourceTree = "<group>";
		};
/* End PBXVariantGroup section */

/* Begin XCBuildConfiguration section */
		C72A5FBB1F98CE4E00D5FA03 /* Debug */ = {
			isa = XCBuildConfiguration;
			buildSettings = {
				ALWAYS_SEARCH_USER_PATHS = NO;
				CLANG_ANALYZER_NONNULL = YES;
				CLANG_ANALYZER_NUMBER_OBJECT_CONVERSION = YES_AGGRESSIVE;
				CLANG_CXX_LANGUAGE_STANDARD = "gnu++14";
				CLANG_CXX_LIBRARY = "libc++";
				CLANG_ENABLE_MODULES = YES;
				CLANG_ENABLE_OBJC_ARC = YES;
				CLANG_WARN_BLOCK_CAPTURE_AUTORELEASING = YES;
				CLANG_WARN_BOOL_CONVERSION = YES;
				CLANG_WARN_COMMA = YES;
				CLANG_WARN_CONSTANT_CONVERSION = YES;
				CLANG_WARN_DIRECT_OBJC_ISA_USAGE = YES_ERROR;
				CLANG_WARN_DOCUMENTATION_COMMENTS = YES;
				CLANG_WARN_EMPTY_BODY = YES;
				CLANG_WARN_ENUM_CONVERSION = YES;
				CLANG_WARN_INFINITE_RECURSION = YES;
				CLANG_WARN_INT_CONVERSION = YES;
				CLANG_WARN_NON_LITERAL_NULL_CONVERSION = YES;
				CLANG_WARN_OBJC_LITERAL_CONVERSION = YES;
				CLANG_WARN_OBJC_ROOT_CLASS = YES_ERROR;
				CLANG_WARN_RANGE_LOOP_ANALYSIS = YES;
				CLANG_WARN_STRICT_PROTOTYPES = YES;
				CLANG_WARN_SUSPICIOUS_MOVE = YES;
				CLANG_WARN_UNGUARDED_AVAILABILITY = YES_AGGRESSIVE;
				CLANG_WARN_UNREACHABLE_CODE = YES;
				CLANG_WARN__DUPLICATE_METHOD_MATCH = YES;
				CODE_SIGN_IDENTITY = "iPhone Developer";
				COPY_PHASE_STRIP = NO;
				DEBUG_INFORMATION_FORMAT = dwarf;
				ENABLE_STRICT_OBJC_MSGSEND = YES;
				ENABLE_TESTABILITY = YES;
				GCC_C_LANGUAGE_STANDARD = gnu11;
				GCC_DYNAMIC_NO_PIC = NO;
				GCC_NO_COMMON_BLOCKS = YES;
				GCC_OPTIMIZATION_LEVEL = 0;
				GCC_PREPROCESSOR_DEFINITIONS = (
					"DEBUG=1",
					"$(inherited)",
				);
				GCC_WARN_64_TO_32_BIT_CONVERSION = YES;
				GCC_WARN_ABOUT_RETURN_TYPE = YES_ERROR;
				GCC_WARN_UNDECLARED_SELECTOR = YES;
				GCC_WARN_UNINITIALIZED_AUTOS = YES_AGGRESSIVE;
				GCC_WARN_UNUSED_FUNCTION = YES;
				GCC_WARN_UNUSED_VARIABLE = YES;
				IPHONEOS_DEPLOYMENT_TARGET = 9.0;
				MTL_ENABLE_DEBUG_INFO = YES;
				ONLY_ACTIVE_ARCH = YES;
				SDKROOT = iphoneos;
			};
			name = Debug;
		};
		C72A5FBC1F98CE4E00D5FA03 /* Release */ = {
			isa = XCBuildConfiguration;
			buildSettings = {
				ALWAYS_SEARCH_USER_PATHS = NO;
				CLANG_ANALYZER_NONNULL = YES;
				CLANG_ANALYZER_NUMBER_OBJECT_CONVERSION = YES_AGGRESSIVE;
				CLANG_CXX_LANGUAGE_STANDARD = "gnu++14";
				CLANG_CXX_LIBRARY = "libc++";
				CLANG_ENABLE_MODULES = YES;
				CLANG_ENABLE_OBJC_ARC = YES;
				CLANG_WARN_BLOCK_CAPTURE_AUTORELEASING = YES;
				CLANG_WARN_BOOL_CONVERSION = YES;
				CLANG_WARN_COMMA = YES;
				CLANG_WARN_CONSTANT_CONVERSION = YES;
				CLANG_WARN_DIRECT_OBJC_ISA_USAGE = YES_ERROR;
				CLANG_WARN_DOCUMENTATION_COMMENTS = YES;
				CLANG_WARN_EMPTY_BODY = YES;
				CLANG_WARN_ENUM_CONVERSION = YES;
				CLANG_WARN_INFINITE_RECURSION = YES;
				CLANG_WARN_INT_CONVERSION = YES;
				CLANG_WARN_NON_LITERAL_NULL_CONVERSION = YES;
				CLANG_WARN_OBJC_LITERAL_CONVERSION = YES;
				CLANG_WARN_OBJC_ROOT_CLASS = YES_ERROR;
				CLANG_WARN_RANGE_LOOP_ANALYSIS = YES;
				CLANG_WARN_STRICT_PROTOTYPES = YES;
				CLANG_WARN_SUSPICIOUS_MOVE = YES;
				CLANG_WARN_UNGUARDED_AVAILABILITY = YES_AGGRESSIVE;
				CLANG_WARN_UNREACHABLE_CODE = YES;
				CLANG_WARN__DUPLICATE_METHOD_MATCH = YES;
				CODE_SIGN_IDENTITY = "iPhone Developer";
				COPY_PHASE_STRIP = NO;
				DEBUG_INFORMATION_FORMAT = "dwarf-with-dsym";
				ENABLE_NS_ASSERTIONS = NO;
				ENABLE_STRICT_OBJC_MSGSEND = YES;
				GCC_C_LANGUAGE_STANDARD = gnu11;
				GCC_NO_COMMON_BLOCKS = YES;
				GCC_WARN_64_TO_32_BIT_CONVERSION = YES;
				GCC_WARN_ABOUT_RETURN_TYPE = YES_ERROR;
				GCC_WARN_UNDECLARED_SELECTOR = YES;
				GCC_WARN_UNINITIALIZED_AUTOS = YES_AGGRESSIVE;
				GCC_WARN_UNUSED_FUNCTION = YES;
				GCC_WARN_UNUSED_VARIABLE = YES;
				IPHONEOS_DEPLOYMENT_TARGET = 9.0;
				MTL_ENABLE_DEBUG_INFO = NO;
				SDKROOT = iphoneos;
				VALIDATE_PRODUCT = YES;
			};
			name = Release;
		};
		C72A5FBE1F98CE4E00D5FA03 /* Debug */ = {
			isa = XCBuildConfiguration;
			buildSettings = {
				ASSETCATALOG_COMPILER_APPICON_NAME = AppIcon;
				CODE_SIGN_STYLE = Automatic;
				DEVELOPMENT_TEAM = 3YBS3Y2WC7;
				INFOPLIST_FILE = "StreamAMG-Test/Info.plist";
				IPHONEOS_DEPLOYMENT_TARGET = 9.0;
				LD_RUNPATH_SEARCH_PATHS = "$(inherited) @executable_path/Frameworks";
				PRODUCT_BUNDLE_IDENTIFIER = "hu.petermolnar.StreamAMG-Test";
				PRODUCT_NAME = "$(TARGET_NAME)";
				TARGETED_DEVICE_FAMILY = 1;
			};
			name = Debug;
		};
		C72A5FBF1F98CE4E00D5FA03 /* Release */ = {
			isa = XCBuildConfiguration;
			buildSettings = {
				ASSETCATALOG_COMPILER_APPICON_NAME = AppIcon;
				CODE_SIGN_STYLE = Automatic;
				DEVELOPMENT_TEAM = 3YBS3Y2WC7;
				INFOPLIST_FILE = "StreamAMG-Test/Info.plist";
				IPHONEOS_DEPLOYMENT_TARGET = 9.0;
				LD_RUNPATH_SEARCH_PATHS = "$(inherited) @executable_path/Frameworks";
				PRODUCT_BUNDLE_IDENTIFIER = "hu.petermolnar.StreamAMG-Test";
				PRODUCT_NAME = "$(TARGET_NAME)";
				TARGETED_DEVICE_FAMILY = 1;
			};
			name = Release;
		};
		C72A5FC11F98CE4E00D5FA03 /* Debug */ = {
			isa = XCBuildConfiguration;
			buildSettings = {
				BUNDLE_LOADER = "$(TEST_HOST)";
				CODE_SIGN_STYLE = Automatic;
				DEVELOPMENT_TEAM = 3YBS3Y2WC7;
				INFOPLIST_FILE = "StreamAMG-TestTests/Info.plist";
				LD_RUNPATH_SEARCH_PATHS = "$(inherited) @executable_path/Frameworks @loader_path/Frameworks";
				PRODUCT_BUNDLE_IDENTIFIER = "hu.petermolnar.StreamAMG-TestTests";
				PRODUCT_NAME = "$(TARGET_NAME)";
				TARGETED_DEVICE_FAMILY = "1,2";
				TEST_HOST = "$(BUILT_PRODUCTS_DIR)/StreamAMG-Test.app/StreamAMG-Test";
			};
			name = Debug;
		};
		C72A5FC21F98CE4E00D5FA03 /* Release */ = {
			isa = XCBuildConfiguration;
			buildSettings = {
				BUNDLE_LOADER = "$(TEST_HOST)";
				CODE_SIGN_STYLE = Automatic;
				DEVELOPMENT_TEAM = 3YBS3Y2WC7;
				INFOPLIST_FILE = "StreamAMG-TestTests/Info.plist";
				LD_RUNPATH_SEARCH_PATHS = "$(inherited) @executable_path/Frameworks @loader_path/Frameworks";
				PRODUCT_BUNDLE_IDENTIFIER = "hu.petermolnar.StreamAMG-TestTests";
				PRODUCT_NAME = "$(TARGET_NAME)";
				TARGETED_DEVICE_FAMILY = "1,2";
				TEST_HOST = "$(BUILT_PRODUCTS_DIR)/StreamAMG-Test.app/StreamAMG-Test";
			};
			name = Release;
		};
/* End XCBuildConfiguration section */

/* Begin XCConfigurationList section */
		C72A5F971F98CE4D00D5FA03 /* Build configuration list for PBXProject "StreamAMG-Test" */ = {
			isa = XCConfigurationList;
			buildConfigurations = (
				C72A5FBB1F98CE4E00D5FA03 /* Debug */,
				C72A5FBC1F98CE4E00D5FA03 /* Release */,
			);
			defaultConfigurationIsVisible = 0;
			defaultConfigurationName = Release;
		};
		C72A5FBD1F98CE4E00D5FA03 /* Build configuration list for PBXNativeTarget "StreamAMG-Test" */ = {
			isa = XCConfigurationList;
			buildConfigurations = (
				C72A5FBE1F98CE4E00D5FA03 /* Debug */,
				C72A5FBF1F98CE4E00D5FA03 /* Release */,
			);
			defaultConfigurationIsVisible = 0;
			defaultConfigurationName = Release;
		};
		C72A5FC01F98CE4E00D5FA03 /* Build configuration list for PBXNativeTarget "StreamAMG-TestTests" */ = {
			isa = XCConfigurationList;
			buildConfigurations = (
				C72A5FC11F98CE4E00D5FA03 /* Debug */,
				C72A5FC21F98CE4E00D5FA03 /* Release */,
			);
			defaultConfigurationIsVisible = 0;
			defaultConfigurationName = Release;
		};
/* End XCConfigurationList section */
	};
	rootObject = C72A5F941F98CE4D00D5FA03 /* Project object */;
}
